
Microsoft Visual Studio Solution File, Format Version 12.00
# Visual Studio Version 16
VisualStudioVersion = 16.0.30523.141
MinimumVisualStudioVersion = 10.0.40219.1
Project("{FAE04EC0-301F-11D3-BF4B-00C04F79EFBC}") = "Mensch", "Mensch.csproj", "{7FDCD042-75D0-42C6-86B6-C74B9484FB13}"
EndProject
Global
	GlobalSection(SolutionConfigurationPlatforms) = preSolution
		Debug|Any CPU = Debug|Any CPU
		Release|Any CPU = Release|Any CPU
	EndGlobalSection
	GlobalSection(ProjectConfigurationPlatforms) = postSolution
		{7FDCD042-75D0-42C6-86B6-C74B9484FB13}.Debug|Any CPU.ActiveCfg = Debug|Any CPU
		{7FDCD042-75D0-42C6-86B6-C74B9484FB13}.Debug|Any CPU.Build.0 = Debug|Any CPU
		{7FDCD042-75D0-42C6-86B6-C74B9484FB13}.Release|Any CPU.ActiveCfg = Release|Any CPU
		{7FDCD042-75D0-42C6-86B6-C74B9484FB13}.Release|Any CPU.Build.0 = Release|Any CPU
	EndGlobalSection
	GlobalSection(SolutionProperties) = preSolution
		HideSolutionNode = FALSE
	EndGlobalSection
	GlobalSection(ExtensibilityGlobals) = postSolution
		SolutionGuid = {0834F3CC-49AC-4D8A-8C7F-17B18B75764E}
	EndGlobalSection
EndGlobal
